
Microsoft Visual Studio Solution File, Format Version 12.00
# Visual Studio Version 17
VisualStudioVersion = 17.13.35931.197 d17.13
MinimumVisualStudioVersion = 10.0.40219.1
Project("{888888A0-9F3D-457C-B088-3A5042F75D52}") = "DeckofCards", "DeckofCards.pyproj", "{A2A684E8-EDA6-417D-879A-FF6057F715C5}"
EndProject
Global
	GlobalSection(SolutionConfigurationPlatforms) = preSolution
		Debug|Any CPU = Debug|Any CPU
		Release|Any CPU = Release|Any CPU
	EndGlobalSection
	GlobalSection(ProjectConfigurationPlatforms) = postSolution
		{A2A684E8-EDA6-417D-879A-FF6057F715C5}.Debug|Any CPU.ActiveCfg = Debug|Any CPU
		{A2A684E8-EDA6-417D-879A-FF6057F715C5}.Release|Any CPU.ActiveCfg = Release|Any CPU
	EndGlobalSection
	GlobalSection(SolutionProperties) = preSolution
		HideSolutionNode = FALSE
	EndGlobalSection
	GlobalSection(ExtensibilityGlobals) = postSolution
		SolutionGuid = {5D84F543-80F1-48DB-97E8-B28F2BFF5921}
	EndGlobalSection
EndGlobal
